# generated by rye
# use `rye lock` or `rye sync` to update this lockfile
#
# last locked with the following flags:
#   pre: false
#   features: []
#   all-features: false
#   with-sources: false
#   generate-hashes: false

-e file:.
certifi==2024.6.2
    # via requests
charset-normalizer==3.3.2
    # via requests
filelock==3.15.3
    # via huggingface-hub
    # via torch
fsspec==2024.6.0
    # via huggingface-hub
    # via torch
huggingface-hub==0.23.4
    # via tokenizers
idna==3.7
    # via requests
jinja2==3.1.4
    # via torch
loguru==0.7.2
    # via slanggen
markupsafe==2.1.5
    # via jinja2
mpmath==1.3.0
    # via sympy
networkx==3.3
    # via torch
numpy==2.0.0
    # via slanggen
packaging==24.1
    # via huggingface-hub
pyyaml==6.0.1
    # via huggingface-hub
requests==2.32.3
    # via huggingface-hub
sympy==1.12.1
    # via torch
tokenizers==0.19.1
    # via slanggen
torch==2.3.1
    # via slanggen
tqdm==4.66.4
    # via huggingface-hub
typing-extensions==4.12.2
    # via huggingface-hub
    # via torch
urllib3==2.2.2
    # via requests
